
Microsoft Visual Studio Solution File, Format Version 12.00
# Visual Studio Version 17
VisualStudioVersion = 17.14.36623.8 d17.14
MinimumVisualStudioVersion = 10.0.40219.1
Project("{FAE04EC0-301F-11D3-BF4B-00C04F79EFBC}") = "IoC.lab.app", "IoC.lab.app\IoC.lab.app.csproj", "{F5F0AEB1-C9D5-4F4C-BBFD-7D97D0D24A4D}"
EndProject
Project("{FAE04EC0-301F-11D3-BF4B-00C04F79EFBC}") = "IoC.lab.test", "IoC.lab.test\IoC.lab.test.csproj", "{62B28587-4A88-487F-AA4B-8E7E04AC173C}"
EndProject
Global
	GlobalSection(SolutionConfigurationPlatforms) = preSolution
		Debug|Any CPU = Debug|Any CPU
		Release|Any CPU = Release|Any CPU
	EndGlobalSection
	GlobalSection(ProjectConfigurationPlatforms) = postSolution
		{F5F0AEB1-C9D5-4F4C-BBFD-7D97D0D24A4D}.Debug|Any CPU.ActiveCfg = Debug|Any CPU
		{F5F0AEB1-C9D5-4F4C-BBFD-7D97D0D24A4D}.Debug|Any CPU.Build.0 = Debug|Any CPU
		{F5F0AEB1-C9D5-4F4C-BBFD-7D97D0D24A4D}.Release|Any CPU.ActiveCfg = Release|Any CPU
		{F5F0AEB1-C9D5-4F4C-BBFD-7D97D0D24A4D}.Release|Any CPU.Build.0 = Release|Any CPU
		{62B28587-4A88-487F-AA4B-8E7E04AC173C}.Debug|Any CPU.ActiveCfg = Debug|Any CPU
		{62B28587-4A88-487F-AA4B-8E7E04AC173C}.Debug|Any CPU.Build.0 = Debug|Any CPU
		{62B28587-4A88-487F-AA4B-8E7E04AC173C}.Release|Any CPU.ActiveCfg = Release|Any CPU
		{62B28587-4A88-487F-AA4B-8E7E04AC173C}.Release|Any CPU.Build.0 = Release|Any CPU
	EndGlobalSection
	GlobalSection(SolutionProperties) = preSolution
		HideSolutionNode = FALSE
	EndGlobalSection
	GlobalSection(ExtensibilityGlobals) = postSolution
		SolutionGuid = {94D96CF4-0C76-4B26-8E74-31CAF5BECF03}
	EndGlobalSection
EndGlobal
