
Microsoft Visual Studio Solution File, Format Version 12.00
# Visual Studio Version 16
VisualStudioVersion = 16.0.30717.126
MinimumVisualStudioVersion = 10.0.40219.1
Project("{FAE04EC0-301F-11D3-BF4B-00C04F79EFBC}") = "IoC", "IoC\IoC.csproj", "{E5BB6CE5-9677-4E52-A828-59DEBBA002EC}"
EndProject
Project("{FAE04EC0-301F-11D3-BF4B-00C04F79EFBC}") = "IoC.UnitTests", "IoC.UnitTests\IoC.UnitTests.csproj", "{DF1A29D7-97E2-4813-B6E4-ABDB16DEB2F0}"
EndProject
Global
	GlobalSection(SolutionConfigurationPlatforms) = preSolution
		Debug|Any CPU = Debug|Any CPU
		Release|Any CPU = Release|Any CPU
	EndGlobalSection
	GlobalSection(ProjectConfigurationPlatforms) = postSolution
		{E5BB6CE5-9677-4E52-A828-59DEBBA002EC}.Debug|Any CPU.ActiveCfg = Debug|Any CPU
		{E5BB6CE5-9677-4E52-A828-59DEBBA002EC}.Debug|Any CPU.Build.0 = Debug|Any CPU
		{E5BB6CE5-9677-4E52-A828-59DEBBA002EC}.Release|Any CPU.ActiveCfg = Release|Any CPU
		{E5BB6CE5-9677-4E52-A828-59DEBBA002EC}.Release|Any CPU.Build.0 = Release|Any CPU
		{DF1A29D7-97E2-4813-B6E4-ABDB16DEB2F0}.Debug|Any CPU.ActiveCfg = Debug|Any CPU
		{DF1A29D7-97E2-4813-B6E4-ABDB16DEB2F0}.Debug|Any CPU.Build.0 = Debug|Any CPU
		{DF1A29D7-97E2-4813-B6E4-ABDB16DEB2F0}.Release|Any CPU.ActiveCfg = Release|Any CPU
		{DF1A29D7-97E2-4813-B6E4-ABDB16DEB2F0}.Release|Any CPU.Build.0 = Release|Any CPU
	EndGlobalSection
	GlobalSection(SolutionProperties) = preSolution
		HideSolutionNode = FALSE
	EndGlobalSection
	GlobalSection(ExtensibilityGlobals) = postSolution
		SolutionGuid = {39E4D4E0-F110-433B-8B13-062C2C224CCC}
	EndGlobalSection
EndGlobal
